<?xml version="1.0" encoding="UTF-8" standalone="yes" ?>
<CodeBlocks_project_file>
	<FileVersion major="1" minor="6" />
	<Project>
		<Option title="ArenaSFML" />
		<Option pch_mode="2" />
		<Option compiler="gcc" />
		<Build>
			<Target title="Debug">
				<Option output="bin/Debug/SFMLTemplate" prefix_auto="1" extension_auto="1" />
				<Option object_output="obj/Debug/" />
				<Option type="1" />
				<Option compiler="gcc" />
				<Compiler>
					<Add option="-g" />
					<Add directory="include" />
				</Compiler>
				<Linker>
					<Add library="sfml-system" />
					<Add library="sfml-window" />
					<Add library="sfml-graphics" />
				</Linker>
			</Target>
			<Target title="Release">
				<Option output="bin/Release/SFMLTemplate" prefix_auto="1" extension_auto="1" />
				<Option object_output="obj/Release/" />
				<Option type="1" />
				<Option compiler="gcc" />
				<Compiler>
					<Add option="-O2" />
					<Add directory="include" />
				</Compiler>
				<Linker>
					<Add option="-s" />
					<Add library="sfml-system" />
					<Add library="sfml-window" />
					<Add library="sfml-graphics" />
				</Linker>
			</Target>
		</Build>
		<Compiler>
			<Add option="-Wall" />
			<Add option="-fexceptions" />
		</Compiler>
		<Unit filename="include/Calc.hpp" />
		<Unit filename="include/Calc.inl" />
		<Unit filename="include/Command.hpp" />
		<Unit filename="include/CommandQueue.hpp" />
		<Unit filename="include/Entity.hpp" />
		<Unit filename="include/EnumCommandTypes.hpp" />
		<Unit filename="include/EnumResourceIdentifiers.hpp" />
		<Unit filename="include/EnumWorldObjectTypes.hpp" />
		<Unit filename="include/Game.hpp" />
		<Unit filename="include/InputHandler.hpp" />
		<Unit filename="include/ResourceHolder.hpp" />
		<Unit filename="include/ResourceHolder.inl" />
		<Unit filename="include/SceneNode.hpp" />
		<Unit filename="include/SpriteNode.hpp" />
		<Unit filename="include/Warrior.hpp" />
		<Unit filename="main.cpp" />
		<Unit filename="src/Calc.cpp" />
		<Unit filename="src/Command.cpp" />
		<Unit filename="src/CommandQueue.cpp" />
		<Unit filename="src/Entity.cpp" />
		<Unit filename="src/Game.cpp" />
		<Unit filename="src/InputHandler.cpp" />
		<Unit filename="src/SceneNode.cpp" />
		<Unit filename="src/SpriteNode.cpp" />
		<Unit filename="src/Warrior.cpp" />
		<Extensions>
			<code_completion />
			<debugger />
		</Extensions>
	</Project>
</CodeBlocks_project_file>
