<?xml version="1.0" encoding="UTF-8" standalone="yes" ?>
<CodeBlocks_project_file>
	<FileVersion major="1" minor="6" />
	<Project>
		<Option title="ArenaSFML" />
		<Option pch_mode="2" />
		<Option compiler="gcc" />
		<Option virtualFolders="src/;" />
		<Build>
			<Target title="Debug">
				<Option output="bin/Debug/SFMLTemplate" prefix_auto="1" extension_auto="1" />
				<Option object_output="obj/Debug/" />
				<Option type="1" />
				<Option compiler="gcc" />
				<Compiler>
					<Add option="-g" />
					<Add directory="include" />
				</Compiler>
				<Linker>
					<Add library="sfml-system" />
					<Add library="sfml-window" />
					<Add library="sfml-graphics" />
					<Add library="sfml-audio" />
				</Linker>
			</Target>
			<Target title="Release">
				<Option output="bin/Release/SFMLTemplate" prefix_auto="1" extension_auto="1" />
				<Option object_output="obj/Release/" />
				<Option type="1" />
				<Option compiler="gcc" />
				<Compiler>
					<Add option="-O2" />
					<Add directory="include" />
				</Compiler>
				<Linker>
					<Add option="-s" />
					<Add library="sfml-system" />
					<Add library="sfml-window" />
					<Add library="sfml-graphics" />
				</Linker>
			</Target>
		</Build>
		<Compiler>
			<Add option="-Wall" />
			<Add option="-fexceptions" />
		</Compiler>
		<Unit filename="include/Animation/Animation.hpp" />
		<Unit filename="include/Animation/AnimationStep.hpp" />
		<Unit filename="include/Animation/AnimationStepMovement.hpp" />
		<Unit filename="include/Animation/AnimationStepRotation.hpp" />
		<Unit filename="include/Calc.hpp" />
		<Unit filename="include/Calc.inl" />
		<Unit filename="include/Collision/CollisionCircle.hpp" />
		<Unit filename="include/Collision/CollisionHandler.hpp" />
		<Unit filename="include/Collision/CollisionInfo.hpp" />
		<Unit filename="include/Collision/CollisionRect.hpp" />
		<Unit filename="include/Collision/CollisionShape.hpp" />
		<Unit filename="include/Components/Entity.hpp" />
		<Unit filename="include/Components/EnumWorldObjectStatus.hpp" />
		<Unit filename="include/Components/EnumWorldObjectTypes.hpp" />
		<Unit filename="include/Components/Knight.hpp" />
		<Unit filename="include/Components/SceneNode.hpp" />
		<Unit filename="include/Components/SpriteNode.hpp" />
		<Unit filename="include/Components/Warrior.hpp" />
		<Unit filename="include/Components/Weapon.hpp" />
		<Unit filename="include/Components/Wizard.hpp" />
		<Unit filename="include/Game.hpp" />
		<Unit filename="include/Input/Command.hpp" />
		<Unit filename="include/Input/EnumCommandTypes.hpp" />
		<Unit filename="include/Input/EnumInputTypes.hpp" />
		<Unit filename="include/Input/Input.hpp" />
		<Unit filename="include/Input/InputHandler.hpp" />
		<Unit filename="include/Input/QueueHelper.hpp" />
		<Unit filename="include/Input/QueueHelper.inl" />
		<Unit filename="include/Render/EnumRenderLayers.hpp" />
		<Unit filename="include/Render/RenderManager.hpp" />
		<Unit filename="include/Resources/EnumResourceIdentifiers.hpp" />
		<Unit filename="include/Resources/ResourceHolder.hpp" />
		<Unit filename="include/Resources/ResourceHolder.inl" />
		<Unit filename="include/Resources/SpriteSheetMapHolder.hpp" />
		<Unit filename="include/Screens/MainGameScreen.hpp" />
		<Unit filename="include/Screens/Screen.hpp" />
		<Unit filename="include/Sound/MusicPlayer.hpp" />
		<Unit filename="main.cpp">
			<Option virtualFolder="src/" />
		</Unit>
		<Unit filename="src/Animation/Animation.cpp" />
		<Unit filename="src/Animation/AnimationStep.cpp" />
		<Unit filename="src/Animation/AnimationStepMovement.cpp" />
		<Unit filename="src/Animation/AnimationStepRotation.cpp" />
		<Unit filename="src/Calc.cpp" />
		<Unit filename="src/Collision/CollisionCircle.cpp" />
		<Unit filename="src/Collision/CollisionHandler.cpp" />
		<Unit filename="src/Collision/CollisionInfo.cpp" />
		<Unit filename="src/Collision/CollisionRect.cpp" />
		<Unit filename="src/Collision/CollisionShape.cpp" />
		<Unit filename="src/Components/Entity.cpp" />
		<Unit filename="src/Components/Knight.cpp" />
		<Unit filename="src/Components/SceneNode.cpp" />
		<Unit filename="src/Components/SpriteNode.cpp" />
		<Unit filename="src/Components/Warrior.cpp" />
		<Unit filename="src/Components/Weapon.cpp" />
		<Unit filename="src/Components/Wizard.cpp" />
		<Unit filename="src/Game.cpp" />
		<Unit filename="src/Input/Command.cpp" />
		<Unit filename="src/Input/Input.cpp" />
		<Unit filename="src/Input/InputHandler.cpp" />
		<Unit filename="src/Render/RenderManager.cpp" />
		<Unit filename="src/Resources/SpriteSheetMapHolder.cpp" />
		<Unit filename="src/Screens/MainGameScreen.cpp" />
		<Unit filename="src/Screens/Screen.cpp" />
		<Unit filename="src/Sound/MusicPlayer.cpp" />
		<Extensions>
			<code_completion />
			<debugger />
		</Extensions>
	</Project>
</CodeBlocks_project_file>
